
Microsoft Visual Studio Solution File, Format Version 12.00
# Visual Studio Version 17
VisualStudioVersion = 17.13.35919.96 d17.13
MinimumVisualStudioVersion = 10.0.40219.1
Project("{FAE04EC0-301F-11D3-BF4B-00C04F79EFBC}") = "ManajemenUser_Deo", "ManajemenUser_Deo\ManajemenUser_Deo.csproj", "{9162BD23-1A99-4B8A-A36A-71D53D4FEF59}"
EndProject
Global
	GlobalSection(SolutionConfigurationPlatforms) = preSolution
		Debug|Any CPU = Debug|Any CPU
		Release|Any CPU = Release|Any CPU
	EndGlobalSection
	GlobalSection(ProjectConfigurationPlatforms) = postSolution
		{9162BD23-1A99-4B8A-A36A-71D53D4FEF59}.Debug|Any CPU.ActiveCfg = Debug|Any CPU
		{9162BD23-1A99-4B8A-A36A-71D53D4FEF59}.Debug|Any CPU.Build.0 = Debug|Any CPU
		{9162BD23-1A99-4B8A-A36A-71D53D4FEF59}.Release|Any CPU.ActiveCfg = Release|Any CPU
		{9162BD23-1A99-4B8A-A36A-71D53D4FEF59}.Release|Any CPU.Build.0 = Release|Any CPU
	EndGlobalSection
	GlobalSection(SolutionProperties) = preSolution
		HideSolutionNode = FALSE
	EndGlobalSection
	GlobalSection(ExtensibilityGlobals) = postSolution
		SolutionGuid = {461506A9-BC4B-4A2D-B736-4B7DCC164914}
	EndGlobalSection
EndGlobal
