
Microsoft Visual Studio Solution File, Format Version 12.00
# Visual Studio Version 17
VisualStudioVersion = 17.13.35818.85
MinimumVisualStudioVersion = 10.0.40219.1
Project("{FAE04EC0-301F-11D3-BF4B-00C04F79EFBC}") = "ManajemenGudang", "ManajemenGudang.csproj", "{C65E76D1-3A93-4435-8C74-346C17AF76BC}"
EndProject
Project("{FAE04EC0-301F-11D3-BF4B-00C04F79EFBC}") = "ManajemenGudang.Tests", "..\ManajemenGudang.Tests\ManajemenGudang.Tests.csproj", "{A903F946-3D59-4BDB-B039-323880D8A2D6}"
EndProject
Global
	GlobalSection(SolutionConfigurationPlatforms) = preSolution
		Debug|Any CPU = Debug|Any CPU
		Release|Any CPU = Release|Any CPU
	EndGlobalSection
	GlobalSection(ProjectConfigurationPlatforms) = postSolution
		{C65E76D1-3A93-4435-8C74-346C17AF76BC}.Debug|Any CPU.ActiveCfg = Debug|Any CPU
		{C65E76D1-3A93-4435-8C74-346C17AF76BC}.Debug|Any CPU.Build.0 = Debug|Any CPU
		{C65E76D1-3A93-4435-8C74-346C17AF76BC}.Release|Any CPU.ActiveCfg = Release|Any CPU
		{C65E76D1-3A93-4435-8C74-346C17AF76BC}.Release|Any CPU.Build.0 = Release|Any CPU
		{A903F946-3D59-4BDB-B039-323880D8A2D6}.Debug|Any CPU.ActiveCfg = Debug|Any CPU
		{A903F946-3D59-4BDB-B039-323880D8A2D6}.Debug|Any CPU.Build.0 = Debug|Any CPU
		{A903F946-3D59-4BDB-B039-323880D8A2D6}.Release|Any CPU.ActiveCfg = Release|Any CPU
		{A903F946-3D59-4BDB-B039-323880D8A2D6}.Release|Any CPU.Build.0 = Release|Any CPU
	EndGlobalSection
	GlobalSection(SolutionProperties) = preSolution
		HideSolutionNode = FALSE
	EndGlobalSection
	GlobalSection(ExtensibilityGlobals) = postSolution
		SolutionGuid = {9DF2004E-140D-4225-85DB-4BD17BBB836A}
	EndGlobalSection
EndGlobal
