
Microsoft Visual Studio Solution File, Format Version 12.00
# Visual Studio Version 17
VisualStudioVersion = 17.13.35818.85
MinimumVisualStudioVersion = 10.0.40219.1
Project("{FAE04EC0-301F-11D3-BF4B-00C04F79EFBC}") = "OrderManagementAPI", "OrderManagementAPI.csproj", "{2F18C1D0-83B5-4B35-81FA-21B00632DDC8}"
EndProject
Project("{FAE04EC0-301F-11D3-BF4B-00C04F79EFBC}") = "OrderManagementTests", "..\OrderManagementTests\OrderManagementTests.csproj", "{2759A784-ECA8-40A0-870F-150E7C1053A0}"
EndProject
Global
	GlobalSection(SolutionConfigurationPlatforms) = preSolution
		Debug|Any CPU = Debug|Any CPU
		Release|Any CPU = Release|Any CPU
	EndGlobalSection
	GlobalSection(ProjectConfigurationPlatforms) = postSolution
		{2F18C1D0-83B5-4B35-81FA-21B00632DDC8}.Debug|Any CPU.ActiveCfg = Debug|Any CPU
		{2F18C1D0-83B5-4B35-81FA-21B00632DDC8}.Debug|Any CPU.Build.0 = Debug|Any CPU
		{2F18C1D0-83B5-4B35-81FA-21B00632DDC8}.Release|Any CPU.ActiveCfg = Release|Any CPU
		{2F18C1D0-83B5-4B35-81FA-21B00632DDC8}.Release|Any CPU.Build.0 = Release|Any CPU
		{2759A784-ECA8-40A0-870F-150E7C1053A0}.Debug|Any CPU.ActiveCfg = Debug|Any CPU
		{2759A784-ECA8-40A0-870F-150E7C1053A0}.Debug|Any CPU.Build.0 = Debug|Any CPU
		{2759A784-ECA8-40A0-870F-150E7C1053A0}.Release|Any CPU.ActiveCfg = Release|Any CPU
		{2759A784-ECA8-40A0-870F-150E7C1053A0}.Release|Any CPU.Build.0 = Release|Any CPU
	EndGlobalSection
	GlobalSection(SolutionProperties) = preSolution
		HideSolutionNode = FALSE
	EndGlobalSection
	GlobalSection(ExtensibilityGlobals) = postSolution
		SolutionGuid = {BF8C2B24-1AAC-490A-AEE7-BF205555A398}
	EndGlobalSection
EndGlobal
